
Microsoft Visual Studio Solution File, Format Version 12.00
Project("{2150E333-8FDC-42A3-9474-1A3956D46DE8}") = "Frontend", "Frontend", "{7FCAE9F8-11BE-4A13-8764-45E9637C3914}"
EndProject
Project("{2150E333-8FDC-42A3-9474-1A3956D46DE8}") = "Backend", "Backend", "{0E01DF84-A6FB-485E-8B43-6AF5D5D90947}"
EndProject
Project("{FAE04EC0-301F-11D3-BF4B-00C04F79EFBC}") = "WebApp", "Frontend\WebApp.csproj", "{B9B44C88-CBC6-4047-99D7-A8E68A9B1D95}"
EndProject
Project("{2150E333-8FDC-42A3-9474-1A3956D46DE8}") = "src", "src", "{05AFFA4A-EE20-40B5-A2E6-CE3E32BAA76F}"
EndProject
Project("{FAE04EC0-301F-11D3-BF4B-00C04F79EFBC}") = "ExpenseTracker", "Backend\src\ExpenseTracker.csproj", "{A65B0685-89AE-46CA-905D-77FCC10DEC51}"
EndProject
Project("{2150E333-8FDC-42A3-9474-1A3956D46DE8}") = "tests", "tests", "{3131A8CB-4631-492F-BEE2-702EA59F0B33}"
EndProject
Project("{FAE04EC0-301F-11D3-BF4B-00C04F79EFBC}") = "ExpenseTracker.Tests", "Backend\tests\ExpenseTracker.Tests\ExpenseTracker.Tests.csproj", "{5C61D423-FF34-47FB-9F77-BFBD0774370D}"
EndProject
Global
	GlobalSection(SolutionConfigurationPlatforms) = preSolution
		Debug|Any CPU = Debug|Any CPU
		Release|Any CPU = Release|Any CPU
	EndGlobalSection
	GlobalSection(NestedProjects) = preSolution
		{B9B44C88-CBC6-4047-99D7-A8E68A9B1D95} = {7FCAE9F8-11BE-4A13-8764-45E9637C3914}
		{05AFFA4A-EE20-40B5-A2E6-CE3E32BAA76F} = {0E01DF84-A6FB-485E-8B43-6AF5D5D90947}
		{A65B0685-89AE-46CA-905D-77FCC10DEC51} = {05AFFA4A-EE20-40B5-A2E6-CE3E32BAA76F}
		{3131A8CB-4631-492F-BEE2-702EA59F0B33} = {0E01DF84-A6FB-485E-8B43-6AF5D5D90947}
		{5C61D423-FF34-47FB-9F77-BFBD0774370D} = {3131A8CB-4631-492F-BEE2-702EA59F0B33}
	EndGlobalSection
	GlobalSection(ProjectConfigurationPlatforms) = postSolution
		{B9B44C88-CBC6-4047-99D7-A8E68A9B1D95}.Debug|Any CPU.ActiveCfg = Debug|Any CPU
		{B9B44C88-CBC6-4047-99D7-A8E68A9B1D95}.Debug|Any CPU.Build.0 = Debug|Any CPU
		{B9B44C88-CBC6-4047-99D7-A8E68A9B1D95}.Release|Any CPU.ActiveCfg = Release|Any CPU
		{B9B44C88-CBC6-4047-99D7-A8E68A9B1D95}.Release|Any CPU.Build.0 = Release|Any CPU
		{A65B0685-89AE-46CA-905D-77FCC10DEC51}.Debug|Any CPU.ActiveCfg = Debug|Any CPU
		{A65B0685-89AE-46CA-905D-77FCC10DEC51}.Debug|Any CPU.Build.0 = Debug|Any CPU
		{A65B0685-89AE-46CA-905D-77FCC10DEC51}.Release|Any CPU.ActiveCfg = Release|Any CPU
		{A65B0685-89AE-46CA-905D-77FCC10DEC51}.Release|Any CPU.Build.0 = Release|Any CPU
		{5C61D423-FF34-47FB-9F77-BFBD0774370D}.Debug|Any CPU.ActiveCfg = Debug|Any CPU
		{5C61D423-FF34-47FB-9F77-BFBD0774370D}.Debug|Any CPU.Build.0 = Debug|Any CPU
		{5C61D423-FF34-47FB-9F77-BFBD0774370D}.Release|Any CPU.ActiveCfg = Release|Any CPU
		{5C61D423-FF34-47FB-9F77-BFBD0774370D}.Release|Any CPU.Build.0 = Release|Any CPU
	EndGlobalSection
EndGlobal
